
Microsoft Visual Studio Solution File, Format Version 12.00
# Visual Studio Version 17
VisualStudioVersion = 17.7.34024.191
MinimumVisualStudioVersion = 10.0.40219.1
Project("{FAE04EC0-301F-11D3-BF4B-00C04F79EFBC}") = "Lista", "Lista\Lista.csproj", "{7C79CFB6-BCD2-49C7-A30A-057374967CBA}"
EndProject
Global
	GlobalSection(SolutionConfigurationPlatforms) = preSolution
		Debug|Any CPU = Debug|Any CPU
		Release|Any CPU = Release|Any CPU
	EndGlobalSection
	GlobalSection(ProjectConfigurationPlatforms) = postSolution
		{7C79CFB6-BCD2-49C7-A30A-057374967CBA}.Debug|Any CPU.ActiveCfg = Debug|Any CPU
		{7C79CFB6-BCD2-49C7-A30A-057374967CBA}.Debug|Any CPU.Build.0 = Debug|Any CPU
		{7C79CFB6-BCD2-49C7-A30A-057374967CBA}.Release|Any CPU.ActiveCfg = Release|Any CPU
		{7C79CFB6-BCD2-49C7-A30A-057374967CBA}.Release|Any CPU.Build.0 = Release|Any CPU
	EndGlobalSection
	GlobalSection(SolutionProperties) = preSolution
		HideSolutionNode = FALSE
	EndGlobalSection
	GlobalSection(ExtensibilityGlobals) = postSolution
		SolutionGuid = {CD531B93-0874-4793-ACC2-FAE3F144431F}
	EndGlobalSection
EndGlobal
